
Microsoft Visual Studio Solution File, Format Version 12.00
# Visual Studio 15
VisualStudioVersion = 15.0.28307.779
MinimumVisualStudioVersion = 10.0.40219.1
Project("{FAE04EC0-301F-11D3-BF4B-00C04F79EFBC}") = "step154", "step154\step154.csproj", "{D0431FE6-DEF4-4C10-B483-32BBD0C8E6D8}"
EndProject
Global
	GlobalSection(SolutionConfigurationPlatforms) = preSolution
		Debug|Any CPU = Debug|Any CPU
		Release|Any CPU = Release|Any CPU
	EndGlobalSection
	GlobalSection(ProjectConfigurationPlatforms) = postSolution
		{D0431FE6-DEF4-4C10-B483-32BBD0C8E6D8}.Debug|Any CPU.ActiveCfg = Debug|Any CPU
		{D0431FE6-DEF4-4C10-B483-32BBD0C8E6D8}.Debug|Any CPU.Build.0 = Debug|Any CPU
		{D0431FE6-DEF4-4C10-B483-32BBD0C8E6D8}.Release|Any CPU.ActiveCfg = Release|Any CPU
		{D0431FE6-DEF4-4C10-B483-32BBD0C8E6D8}.Release|Any CPU.Build.0 = Release|Any CPU
	EndGlobalSection
	GlobalSection(SolutionProperties) = preSolution
		HideSolutionNode = FALSE
	EndGlobalSection
	GlobalSection(ExtensibilityGlobals) = postSolution
		SolutionGuid = {078B950B-0530-464B-B530-9E2BDFCDD229}
	EndGlobalSection
EndGlobal
