
Microsoft Visual Studio Solution File, Format Version 12.00
# Visual Studio 15
VisualStudioVersion = 15.0.28307.779
MinimumVisualStudioVersion = 10.0.40219.1
Project("{FAE04EC0-301F-11D3-BF4B-00C04F79EFBC}") = "drill162", "drill162\drill162.csproj", "{7CD65154-3E5A-4B44-AA65-33EC3BE2240C}"
EndProject
Global
	GlobalSection(SolutionConfigurationPlatforms) = preSolution
		Debug|Any CPU = Debug|Any CPU
		Release|Any CPU = Release|Any CPU
	EndGlobalSection
	GlobalSection(ProjectConfigurationPlatforms) = postSolution
		{7CD65154-3E5A-4B44-AA65-33EC3BE2240C}.Debug|Any CPU.ActiveCfg = Debug|Any CPU
		{7CD65154-3E5A-4B44-AA65-33EC3BE2240C}.Debug|Any CPU.Build.0 = Debug|Any CPU
		{7CD65154-3E5A-4B44-AA65-33EC3BE2240C}.Release|Any CPU.ActiveCfg = Release|Any CPU
		{7CD65154-3E5A-4B44-AA65-33EC3BE2240C}.Release|Any CPU.Build.0 = Release|Any CPU
	EndGlobalSection
	GlobalSection(SolutionProperties) = preSolution
		HideSolutionNode = FALSE
	EndGlobalSection
	GlobalSection(ExtensibilityGlobals) = postSolution
		SolutionGuid = {34B0E43A-7AB0-44F4-81DD-A34EAEB0BEDD}
	EndGlobalSection
EndGlobal
