
Microsoft Visual Studio Solution File, Format Version 12.00
# Visual Studio 15
VisualStudioVersion = 15.0.28307.779
MinimumVisualStudioVersion = 10.0.40219.1
Project("{FAE04EC0-301F-11D3-BF4B-00C04F79EFBC}") = "step165", "step165\step165.csproj", "{490A2484-04E2-4D71-92F3-07463BD4F560}"
EndProject
Global
	GlobalSection(SolutionConfigurationPlatforms) = preSolution
		Debug|Any CPU = Debug|Any CPU
		Release|Any CPU = Release|Any CPU
	EndGlobalSection
	GlobalSection(ProjectConfigurationPlatforms) = postSolution
		{490A2484-04E2-4D71-92F3-07463BD4F560}.Debug|Any CPU.ActiveCfg = Debug|Any CPU
		{490A2484-04E2-4D71-92F3-07463BD4F560}.Debug|Any CPU.Build.0 = Debug|Any CPU
		{490A2484-04E2-4D71-92F3-07463BD4F560}.Release|Any CPU.ActiveCfg = Release|Any CPU
		{490A2484-04E2-4D71-92F3-07463BD4F560}.Release|Any CPU.Build.0 = Release|Any CPU
	EndGlobalSection
	GlobalSection(SolutionProperties) = preSolution
		HideSolutionNode = FALSE
	EndGlobalSection
	GlobalSection(ExtensibilityGlobals) = postSolution
		SolutionGuid = {BD6265F3-52AC-4945-8371-C4733C342C82}
	EndGlobalSection
EndGlobal
