
Microsoft Visual Studio Solution File, Format Version 12.00
# Visual Studio 15
VisualStudioVersion = 15.0.28307.779
MinimumVisualStudioVersion = 10.0.40219.1
Project("{FAE04EC0-301F-11D3-BF4B-00C04F79EFBC}") = "step 131", "step 131\step 131.csproj", "{72FE35B3-20B1-4163-9E9B-0D684602A39A}"
EndProject
Global
	GlobalSection(SolutionConfigurationPlatforms) = preSolution
		Debug|Any CPU = Debug|Any CPU
		Release|Any CPU = Release|Any CPU
	EndGlobalSection
	GlobalSection(ProjectConfigurationPlatforms) = postSolution
		{72FE35B3-20B1-4163-9E9B-0D684602A39A}.Debug|Any CPU.ActiveCfg = Debug|Any CPU
		{72FE35B3-20B1-4163-9E9B-0D684602A39A}.Debug|Any CPU.Build.0 = Debug|Any CPU
		{72FE35B3-20B1-4163-9E9B-0D684602A39A}.Release|Any CPU.ActiveCfg = Release|Any CPU
		{72FE35B3-20B1-4163-9E9B-0D684602A39A}.Release|Any CPU.Build.0 = Release|Any CPU
	EndGlobalSection
	GlobalSection(SolutionProperties) = preSolution
		HideSolutionNode = FALSE
	EndGlobalSection
	GlobalSection(ExtensibilityGlobals) = postSolution
		SolutionGuid = {EE8EAABC-31A4-405D-9F15-2ADD4B38097C}
	EndGlobalSection
EndGlobal
