
Microsoft Visual Studio Solution File, Format Version 12.00
# Visual Studio 15
VisualStudioVersion = 15.0.28307.779
MinimumVisualStudioVersion = 10.0.40219.1
Project("{FAE04EC0-301F-11D3-BF4B-00C04F79EFBC}") = "drill114", "drill114\drill114.csproj", "{DA9568AA-2046-4B83-AFB2-AAFD767A003A}"
EndProject
Global
	GlobalSection(SolutionConfigurationPlatforms) = preSolution
		Debug|Any CPU = Debug|Any CPU
		Release|Any CPU = Release|Any CPU
	EndGlobalSection
	GlobalSection(ProjectConfigurationPlatforms) = postSolution
		{DA9568AA-2046-4B83-AFB2-AAFD767A003A}.Debug|Any CPU.ActiveCfg = Debug|Any CPU
		{DA9568AA-2046-4B83-AFB2-AAFD767A003A}.Debug|Any CPU.Build.0 = Debug|Any CPU
		{DA9568AA-2046-4B83-AFB2-AAFD767A003A}.Release|Any CPU.ActiveCfg = Release|Any CPU
		{DA9568AA-2046-4B83-AFB2-AAFD767A003A}.Release|Any CPU.Build.0 = Release|Any CPU
	EndGlobalSection
	GlobalSection(SolutionProperties) = preSolution
		HideSolutionNode = FALSE
	EndGlobalSection
	GlobalSection(ExtensibilityGlobals) = postSolution
		SolutionGuid = {E976ED76-D1A6-4790-BB05-C6EAA4AEEDA8}
	EndGlobalSection
EndGlobal
