
Microsoft Visual Studio Solution File, Format Version 12.00
# Visual Studio 15
VisualStudioVersion = 15.0.28307.779
MinimumVisualStudioVersion = 10.0.40219.1
Project("{FAE04EC0-301F-11D3-BF4B-00C04F79EFBC}") = "step162", "step162\step162.csproj", "{8954BAD7-F679-44F2-861D-00DED20C027C}"
EndProject
Global
	GlobalSection(SolutionConfigurationPlatforms) = preSolution
		Debug|Any CPU = Debug|Any CPU
		Release|Any CPU = Release|Any CPU
	EndGlobalSection
	GlobalSection(ProjectConfigurationPlatforms) = postSolution
		{8954BAD7-F679-44F2-861D-00DED20C027C}.Debug|Any CPU.ActiveCfg = Debug|Any CPU
		{8954BAD7-F679-44F2-861D-00DED20C027C}.Debug|Any CPU.Build.0 = Debug|Any CPU
		{8954BAD7-F679-44F2-861D-00DED20C027C}.Release|Any CPU.ActiveCfg = Release|Any CPU
		{8954BAD7-F679-44F2-861D-00DED20C027C}.Release|Any CPU.Build.0 = Release|Any CPU
	EndGlobalSection
	GlobalSection(SolutionProperties) = preSolution
		HideSolutionNode = FALSE
	EndGlobalSection
	GlobalSection(ExtensibilityGlobals) = postSolution
		SolutionGuid = {24C436E5-0E71-4AD5-9A92-4182B0534F66}
	EndGlobalSection
EndGlobal
